dependencies:
- name: loki-stack
  repository: https://grafana.github.io/helm-charts/
  version: 2.6.4
- name: loki-distributed
  repository: https://grafana.github.io/helm-charts/
  version: 0.48.4
- name: promtail
  repository: https://grafana.github.io/helm-charts/
  version: 5.1.0
- name: grafana
  repository: https://grafana.github.io/helm-charts/
  version: 6.29.6
- name: fluent-bit
  repository: https://fluent.github.io/helm-charts
  version: 0.20.4
digest: sha256:dcf7387441754f74ca165e781d101d3e35b7ac73871229e2670cd7d893a977f9
generated: "2022-07-29T08:56:03.4764603+07:00"
